
Microsoft Visual Studio Solution File, Format Version 12.00
# Visual Studio Version 16
VisualStudioVersion = 16.0.29201.188
MinimumVisualStudioVersion = 10.0.40219.1
Project("{9A19103F-16F7-4668-BE54-9A1E7A4F7556}") = "Furiza.eCipaOnContainers.SecurityProvider.WebApi", "Furiza.eCipaOnContainers.SecurityProvider.WebApi\Furiza.eCipaOnContainers.SecurityProvider.WebApi.csproj", "{39247672-F6AE-4923-BFE2-01241B253F2A}"
EndProject
Project("{9A19103F-16F7-4668-BE54-9A1E7A4F7556}") = "Furiza.eCipaOnContainers.SecurityProvider.Core", "Furiza.eCipaOnContainers.SecurityProvider.Core\Furiza.eCipaOnContainers.SecurityProvider.Core.csproj", "{14EDCD34-CB4D-4668-AD1A-1805CE2DCE79}"
EndProject
Project("{9A19103F-16F7-4668-BE54-9A1E7A4F7556}") = "Furiza.eCipaOnContainers.SecurityProvider.Adapter.Matrix", "Furiza.eCipaOnContainers.SecurityProvider.Adapter.Matrix\Furiza.eCipaOnContainers.SecurityProvider.Adapter.Matrix.csproj", "{840C8B42-B274-45B3-AD48-3A5163A1CC6D}"
EndProject
Global
	GlobalSection(SolutionConfigurationPlatforms) = preSolution
		Debug|Any CPU = Debug|Any CPU
		Release|Any CPU = Release|Any CPU
	EndGlobalSection
	GlobalSection(ProjectConfigurationPlatforms) = postSolution
		{39247672-F6AE-4923-BFE2-01241B253F2A}.Debug|Any CPU.ActiveCfg = Debug|Any CPU
		{39247672-F6AE-4923-BFE2-01241B253F2A}.Debug|Any CPU.Build.0 = Debug|Any CPU
		{39247672-F6AE-4923-BFE2-01241B253F2A}.Release|Any CPU.ActiveCfg = Release|Any CPU
		{39247672-F6AE-4923-BFE2-01241B253F2A}.Release|Any CPU.Build.0 = Release|Any CPU
		{14EDCD34-CB4D-4668-AD1A-1805CE2DCE79}.Debug|Any CPU.ActiveCfg = Debug|Any CPU
		{14EDCD34-CB4D-4668-AD1A-1805CE2DCE79}.Debug|Any CPU.Build.0 = Debug|Any CPU
		{14EDCD34-CB4D-4668-AD1A-1805CE2DCE79}.Release|Any CPU.ActiveCfg = Release|Any CPU
		{14EDCD34-CB4D-4668-AD1A-1805CE2DCE79}.Release|Any CPU.Build.0 = Release|Any CPU
		{840C8B42-B274-45B3-AD48-3A5163A1CC6D}.Debug|Any CPU.ActiveCfg = Debug|Any CPU
		{840C8B42-B274-45B3-AD48-3A5163A1CC6D}.Debug|Any CPU.Build.0 = Debug|Any CPU
		{840C8B42-B274-45B3-AD48-3A5163A1CC6D}.Release|Any CPU.ActiveCfg = Release|Any CPU
		{840C8B42-B274-45B3-AD48-3A5163A1CC6D}.Release|Any CPU.Build.0 = Release|Any CPU
	EndGlobalSection
	GlobalSection(SolutionProperties) = preSolution
		HideSolutionNode = FALSE
	EndGlobalSection
	GlobalSection(ExtensibilityGlobals) = postSolution
		SolutionGuid = {3B13BD42-3907-4EED-BBB3-5A0C2101F9F1}
	EndGlobalSection
EndGlobal
